
Microsoft Visual Studio Solution File, Format Version 12.00
# Visual Studio Version 17
VisualStudioVersion = 17.0.31912.275
MinimumVisualStudioVersion = 10.0.40219.1
Project("{9A19103F-16F7-4668-BE54-9A1E7A4F7556}") = "MoodAnalyzer", "MoodAnalyzer.csproj", "{AEF44809-48B2-4D21-9E37-6C78A959111C}"
EndProject
Project("{FAE04EC0-301F-11D3-BF4B-00C04F79EFBC}") = "TestingMood", "..\TestingMood\TestingMood.csproj", "{3F02B100-1D1A-469C-A3B7-FB88ABD6B0F5}"
EndProject
Global
	GlobalSection(SolutionConfigurationPlatforms) = preSolution
		Debug|Any CPU = Debug|Any CPU
		Release|Any CPU = Release|Any CPU
	EndGlobalSection
	GlobalSection(ProjectConfigurationPlatforms) = postSolution
		{AEF44809-48B2-4D21-9E37-6C78A959111C}.Debug|Any CPU.ActiveCfg = Debug|Any CPU
		{AEF44809-48B2-4D21-9E37-6C78A959111C}.Debug|Any CPU.Build.0 = Debug|Any CPU
		{AEF44809-48B2-4D21-9E37-6C78A959111C}.Release|Any CPU.ActiveCfg = Release|Any CPU
		{AEF44809-48B2-4D21-9E37-6C78A959111C}.Release|Any CPU.Build.0 = Release|Any CPU
		{3F02B100-1D1A-469C-A3B7-FB88ABD6B0F5}.Debug|Any CPU.ActiveCfg = Debug|Any CPU
		{3F02B100-1D1A-469C-A3B7-FB88ABD6B0F5}.Debug|Any CPU.Build.0 = Debug|Any CPU
		{3F02B100-1D1A-469C-A3B7-FB88ABD6B0F5}.Release|Any CPU.ActiveCfg = Release|Any CPU
		{3F02B100-1D1A-469C-A3B7-FB88ABD6B0F5}.Release|Any CPU.Build.0 = Release|Any CPU
	EndGlobalSection
	GlobalSection(SolutionProperties) = preSolution
		HideSolutionNode = FALSE
	EndGlobalSection
	GlobalSection(ExtensibilityGlobals) = postSolution
		SolutionGuid = {09728FD1-1309-4B15-A9D3-7670395CC95E}
	EndGlobalSection
EndGlobal
